# THIS IS AN AUTOGENERATED FILE. DO NOT EDIT THIS FILE DIRECTLY.
# yarn lockfile v1


fuzzysort@^1.1.4:
  version "1.1.4"
  resolved "https://registry.yarnpkg.com/fuzzysort/-/fuzzysort-1.1.4.tgz#a0510206ed44532cbb52cf797bf5a3cb12acd4ba"
  integrity sha512-JzK/lHjVZ6joAg3OnCjylwYXYVjRiwTY6Yb25LvfpJHK8bjisfnZJ5bY8aVWwTwCXgxPNgLAtmHL+Hs5q1ddLQ==

jquery@>=1.9.1:
  version "3.5.1"
  resolved "https://registry.yarnpkg.com/jquery/-/jquery-3.5.1.tgz#d7b4d08e1bfdb86ad2f1a3d039ea17304717abb5"
  integrity sha512-XwIBPqcMn57FxfT+Go5pzySnm4KWkT1Tv7gjrpT1srtf8Weynl6R273VJ5GjkRb51IzMp5nbaPjJXMWeju2MKg==

jstree@^3.3.10:
  version "3.3.10"
  resolved "https://registry.yarnpkg.com/jstree/-/jstree-3.3.10.tgz#28d5b464a6bd4b5a93ccc2e978d005845596a408"
  integrity sha512-TDhwTy24ZKCVei0gLRxnH5PQuX77nqlG7bhQh+UDTeOxC2xdhDrS1x7YtbjLVlSxmH7USnA/WIeVOGN/m3D0QA==
  dependencies:
    jquery ">=1.9.1"

tablesort@^5.2.0:
  version "5.2.0"
  resolved "https://registry.yarnpkg.com/tablesort/-/tablesort-5.2.0.tgz#132643eaebf31b5e17d6e90222aa24ee11d9b4e6"
