# THIS IS AN AUTOGENERATED FILE. DO NOT EDIT THIS FILE DIRECTLY.
# yarn lockfile v1


tablesort@^5.1.0:
  version "5.1.0"
  resolved "https://registry.yarnpkg.com/tablesort/-/tablesort-5.1.0.tgz#3fb123f88c079c897b11052425b103c7dd747e95"
  integrity sha512-1w6u6h2yMMo+ghEgkD05pdsuvHh7yaqX3RSISaYhBi7lGvy7q9MRREEFEw+qEBGVyGNH46Zszt69xNPjMsBmSA==
